
Microsoft Visual Studio Solution File, Format Version 12.00
# Visual Studio Version 17
VisualStudioVersion = 17.9.34407.89
MinimumVisualStudioVersion = 10.0.40219.1
Project("{FAE04EC0-301F-11D3-BF4B-00C04F79EFBC}") = "WpfApp2", "WpfApp2\WpfApp2.csproj", "{797E616D-AF92-4E89-80D8-603340DA3DE4}"
EndProject
Project("{2150E333-8FDC-42A3-9474-1A3956D46DE8}") = "Solution Items", "Solution Items", "{14EBB23C-624F-4F1B-A36B-84BCD5312C7B}"
	ProjectSection(SolutionItems) = preProject
		.editorconfig = .editorconfig
	EndProjectSection
EndProject
Global
	GlobalSection(SolutionConfigurationPlatforms) = preSolution
		Debug|Any CPU = Debug|Any CPU
		Release|Any CPU = Release|Any CPU
	EndGlobalSection
	GlobalSection(ProjectConfigurationPlatforms) = postSolution
		{797E616D-AF92-4E89-80D8-603340DA3DE4}.Debug|Any CPU.ActiveCfg = Debug|Any CPU
		{797E616D-AF92-4E89-80D8-603340DA3DE4}.Debug|Any CPU.Build.0 = Debug|Any CPU
		{797E616D-AF92-4E89-80D8-603340DA3DE4}.Release|Any CPU.ActiveCfg = Release|Any CPU
		{797E616D-AF92-4E89-80D8-603340DA3DE4}.Release|Any CPU.Build.0 = Release|Any CPU
	EndGlobalSection
	GlobalSection(SolutionProperties) = preSolution
		HideSolutionNode = FALSE
	EndGlobalSection
	GlobalSection(ExtensibilityGlobals) = postSolution
		SolutionGuid = {F89F2C94-218C-4131-96FA-0953A62224E2}
	EndGlobalSection
EndGlobal
